{
  "name": "keygen",
  "lockfileVersion": 2,
  "requires": true,
  "packages": {
    "": {
      "dependencies": {
        "generate-serial-key": "^2.0.0"
      }
    },
    "node_modules/generate-serial-key": {
      "version": "2.0.0",
      "resolved": "https://registry.npmjs.org/generate-serial-key/-/generate-serial-key-2.0.0.tgz",
      "integrity": "sha1-Ln8puFkO2NiFxm4Ictv2nlL0nQ0="
    }
  },
  "dependencies": {
    "generate-serial-key": {
      "version": "2.0.0",
      "resolved": "https://registry.npmjs.org/generate-serial-key/-/generate-serial-key-2.0.0.tgz",
      "integrity": "sha1-Ln8puFkO2NiFxm4Ictv2nlL0nQ0="
    }
  }
}
